{
    "_readme": [
        "This file locks the dependencies of your project to a known state",
        "Read more about it at https://getcomposer.org/doc/01-basic-usage.md#composer-lock-the-lock-file",
        "This file is @generated automatically"
    ],
    "hash": "6d14b008233f0cb84aff07c02a4ecca5",
    "content-hash": "f336883a64ff1277e88e7d444f1bae0b",
    "packages": [
        {
            "name": "codeguy/upload",
            "version": "1.3.2",
            "source": {
                "type": "git",
                "url": "https://github.com/codeguy/Upload.git",
                "reference": "6a9e5e1fb58d65346d0e557db2d46fb25efd3e37"
            },
            "dist": {
                "type": "zip",
                "url": "https://api.github.com/repos/codeguy/Upload/zipball/6a9e5e1fb58d65346d0e557db2d46fb25efd3e37",
                "reference": "6a9e5e1fb58d65346d0e557db2d46fb25efd3e37",
                "shasum": ""
            },
            "require": {
                "ext-fileinfo": "*",
                "php": ">=5.3.0"
            },
            "require-dev": {
                "phpunit/phpunit": "3.7.*"
            },
            "type": "library",
            "autoload": {
                "psr-0": {
                    "Upload": "src"
                }
            },
            "notification-url": "https://packagist.org/downloads/",
            "license": [
                "MIT"
            ],
            "authors": [
                {
                    "name": "Josh Lockhart",
                    "email": "info@joshlockhart.com",
                    "homepage": "http://www.joshlockhart.com/"
                }
            ],
            "description": "Handle file uploads with extensible validation and storage strategies",
            "homepage": "http://github.com/codeguy/Upload",
            "keywords": [
                "file",
                "upload",
                "validation"
            ],
            "time": "2013-07-07 17:01:41"
        },
        {
            "name": "nikic/fast-route",
            "version": "v0.7.0",
            "source": {
                "type": "git",
                "url": "https://github.com/nikic/FastRoute.git",
                "reference": "8164b4a0d8afde4eae5f1bfc39084972ba23ad36"
            },
            "dist": {
                "type": "zip",
                "url": "https://api.github.com/repos/nikic/FastRoute/zipball/8164b4a0d8afde4eae5f1bfc39084972ba23ad36",
                "reference": "8164b4a0d8afde4eae5f1bfc39084972ba23ad36",
                "shasum": ""
            },
            "require": {
                "php": ">=5.4.0"
            },
            "type": "library",
            "autoload": {
                "psr-4": {
                    "FastRoute\\": "src/"
                },
                "files": [
                    "src/functions.php"
                ]
            },
            "notification-url": "https://packagist.org/downloads/",
            "license": [
                "BSD-3-Clause"
            ],
            "authors": [
                {
                    "name": "Nikita Popov",
                    "email": "nikic@php.net"
                }
            ],
            "description": "Fast request router for PHP",
            "keywords": [
                "router",
                "routing"
            ],
            "time": "2015-12-20 19:50:12"
        },
        {
            "name": "sitilge/corde",
            "version": "dev-master",
            "source": {
                "type": "git",
                "url": "https://github.com/sitilge/corde.git",
                "reference": "5eaa28d60ed560088417d65344b50bbd78b8b433"
            },
            "dist": {
                "type": "zip",
                "url": "https://api.github.com/repos/sitilge/corde/zipball/5eaa28d60ed560088417d65344b50bbd78b8b433",
                "reference": "5eaa28d60ed560088417d65344b50bbd78b8b433",
                "shasum": ""
            },
            "require": {
                "ext-pdo": "*",
                "php": ">= 5.5.0"
            },
            "type": "library",
            "autoload": {
                "psr-4": {
                    "Abimo\\": "src/"
                }
            },
            "notification-url": "https://packagist.org/downloads/",
            "license": [
                "MIT"
            ],
            "authors": [
                {
                    "name": "Martins Eglitis",
                    "email": "sitilge@gmail.com"
                }
            ],
            "description": "The core code of Abimo framework.",
            "homepage": "http://sitilge.id.lv",
            "keywords": [
                "abimo",
                "framework",
                "http",
                "php"
            ],
            "time": "2016-01-14 11:42:45"
        }
    ],
    "packages-dev": [],
    "aliases": [],
    "minimum-stability": "stable",
    "stability-flags": {
        "sitilge/corde": 20
    },
    "prefer-stable": false,
    "prefer-lowest": false,
    "platform": {
        "php": ">= 5.5.0"
    },
    "platform-dev": []
}
